
Microsoft Visual Studio Solution File, Format Version 12.00
# Visual Studio Version 16
VisualStudioVersion = 16.0.29926.136
MinimumVisualStudioVersion = 10.0.40219.1
Project("{FAE04EC0-301F-11D3-BF4B-00C04F79EFBC}") = "DFStore.WebSite", "DFStore.WebSite\DFStore.WebSite.csproj", "{3A94450B-785F-462C-BF3D-1C7F0D49AEB9}"
EndProject
Global
	GlobalSection(SolutionConfigurationPlatforms) = preSolution
		Debug|Any CPU = Debug|Any CPU
		Release|Any CPU = Release|Any CPU
	EndGlobalSection
	GlobalSection(ProjectConfigurationPlatforms) = postSolution
		{3A94450B-785F-462C-BF3D-1C7F0D49AEB9}.Debug|Any CPU.ActiveCfg = Debug|Any CPU
		{3A94450B-785F-462C-BF3D-1C7F0D49AEB9}.Debug|Any CPU.Build.0 = Debug|Any CPU
		{3A94450B-785F-462C-BF3D-1C7F0D49AEB9}.Release|Any CPU.ActiveCfg = Release|Any CPU
		{3A94450B-785F-462C-BF3D-1C7F0D49AEB9}.Release|Any CPU.Build.0 = Release|Any CPU
	EndGlobalSection
	GlobalSection(SolutionProperties) = preSolution
		HideSolutionNode = FALSE
	EndGlobalSection
	GlobalSection(ExtensibilityGlobals) = postSolution
		SolutionGuid = {69E9891C-715F-4692-9D39-25A887B47C42}
	EndGlobalSection
EndGlobal
